// !$*UTF8*$!
{
	archiveVersion = 1;
	classes = {
	};
	objectVersion = 48;
	objects = {

/* Begin PBXBuildFile section */
		0684AFC4203002A0005597BC /* MapViewController.swift in Sources */ = {isa = PBXBuildFile; fileRef = 0684AFC3203002A0005597BC /* MapViewController.swift */; };
		0684AFCC20303BD2005597BC /* ViewArtwork.swift in Sources */ = {isa = PBXBuildFile; fileRef = 0684AFCB20303BD2005597BC /* ViewArtwork.swift */; };
		0684AFD0203047C1005597BC /* ViewWeb.swift in Sources */ = {isa = PBXBuildFile; fileRef = 0684AFCF203047C1005597BC /* ViewWeb.swift */; };
		DA70250D202FC29C00ADB6E7 /* AppDelegate.swift in Sources */ = {isa = PBXBuildFile; fileRef = DA70250C202FC29C00ADB6E7 /* AppDelegate.swift */; };
		DA70250F202FC29C00ADB6E7 /* ViewController.swift in Sources */ = {isa = PBXBuildFile; fileRef = DA70250E202FC29C00ADB6E7 /* ViewController.swift */; };
		DA702512202FC29C00ADB6E7 /* Main.storyboard in Resources */ = {isa = PBXBuildFile; fileRef = DA702510202FC29C00ADB6E7 /* Main.storyboard */; };
		DA702514202FC29C00ADB6E7 /* Assets.xcassets in Resources */ = {isa = PBXBuildFile; fileRef = DA702513202FC29C00ADB6E7 /* Assets.xcassets */; };
		DA702517202FC29C00ADB6E7 /* LaunchScreen.storyboard in Resources */ = {isa = PBXBuildFile; fileRef = DA702515202FC29C00ADB6E7 /* LaunchScreen.storyboard */; };
/* End PBXBuildFile section */

/* Begin PBXFileReference section */
		0684AFC3203002A0005597BC /* MapViewController.swift */ = {isa = PBXFileReference; lastKnownFileType = sourcecode.swift; path = MapViewController.swift; sourceTree = "<group>"; };
		0684AFCB20303BD2005597BC /* ViewArtwork.swift */ = {isa = PBXFileReference; lastKnownFileType = sourcecode.swift; path = ViewArtwork.swift; sourceTree = "<group>"; };
		0684AFCF203047C1005597BC /* ViewWeb.swift */ = {isa = PBXFileReference; lastKnownFileType = sourcecode.swift; path = ViewWeb.swift; sourceTree = "<group>"; };
		DA702509202FC29C00ADB6E7 /* HelloWorld.app */ = {isa = PBXFileReference; explicitFileType = wrapper.application; includeInIndex = 0; path = HelloWorld.app; sourceTree = BUILT_PRODUCTS_DIR; };
		DA70250C202FC29C00ADB6E7 /* AppDelegate.swift */ = {isa = PBXFileReference; lastKnownFileType = sourcecode.swift; path = AppDelegate.swift; sourceTree = "<group>"; };
		DA70250E202FC29C00ADB6E7 /* ViewController.swift */ = {isa = PBXFileReference; lastKnownFileType = sourcecode.swift; path = ViewController.swift; sourceTree = "<group>"; };
		DA702511202FC29C00ADB6E7 /* Base */ = {isa = PBXFileReference; lastKnownFileType = file.storyboard; name = Base; path = Base.lproj/Main.storyboard; sourceTree = "<group>"; };
		DA702513202FC29C00ADB6E7 /* Assets.xcassets */ = {isa = PBXFileReference; lastKnownFileType = folder.assetcatalog; path = Assets.xcassets; sourceTree = "<group>"; };
		DA702516202FC29C00ADB6E7 /* Base */ = {isa = PBXFileReference; lastKnownFileType = file.storyboard; name = Base; path = Base.lproj/LaunchScreen.storyboard; sourceTree = "<group>"; };
		DA702518202FC29C00ADB6E7 /* Info.plist */ = {isa = PBXFileReference; lastKnownFileType = text.plist.xml; path = Info.plist; sourceTree = "<group>"; };
/* End PBXFileReference section */

/* Begin PBXFrameworksBuildPhase section */
		DA702506202FC29C00ADB6E7 /* Frameworks */ = {
			isa = PBXFrameworksBuildPhase;
			buildActionMask = 2147483647;
			files = (
			);
			runOnlyForDeploymentPostprocessing = 0;
		};
/* End PBXFrameworksBuildPhase section */

/* Begin PBXGroup section */
		DA702500202FC29C00ADB6E7 = {
			isa = PBXGroup;
			children = (
				DA70250B202FC29C00ADB6E7 /* HelloWorld */,
				DA70250A202FC29C00ADB6E7 /* Products */,
			);
			sourceTree = "<group>";
		};
		DA70250A202FC29C00ADB6E7 /* Products */ = {
			isa = PBXGroup;
			children = (
				DA702509202FC29C00ADB6E7 /* HelloWorld.app */,
			);
			name = Products;
			sourceTree = "<group>";
		};
		DA70250B202FC29C00ADB6E7 /* HelloWorld */ = {
			isa = PBXGroup;
			children = (
				DA70250C202FC29C00ADB6E7 /* AppDelegate.swift */,
				DA70250E202FC29C00ADB6E7 /* ViewController.swift */,
				DA702510202FC29C00ADB6E7 /* Main.storyboard */,
				0684AFCF203047C1005597BC /* ViewWeb.swift */,
				0684AFCB20303BD2005597BC /* ViewArtwork.swift */,
				0684AFC3203002A0005597BC /* MapViewController.swift */,
				DA702513202FC29C00ADB6E7 /* Assets.xcassets */,
				DA702515202FC29C00ADB6E7 /* LaunchScreen.storyboard */,
				DA702518202FC29C00ADB6E7 /* Info.plist */,
			);
			path = HelloWorld;
			sourceTree = "<group>";
		};
/* End PBXGroup section */

/* Begin PBXNativeTarget section */
		DA702508202FC29C00ADB6E7 /* HelloWorld */ = {
			isa = PBXNativeTarget;
			buildConfigurationList = DA70251B202FC29C00ADB6E7 /* Build configuration list for PBXNativeTarget "HelloWorld" */;
			buildPhases = (
				DA702505202FC29C00ADB6E7 /* Sources */,
				DA702506202FC29C00ADB6E7 /* Frameworks */,
				DA702507202FC29C00ADB6E7 /* Resources */,
			);
			buildRules = (
			);
			dependencies = (
			);
			name = HelloWorld;
			productName = HelloWorld;
			productReference = DA702509202FC29C00ADB6E7 /* HelloWorld.app */;
			productType = "com.apple.product-type.application";
		};
/* End PBXNativeTarget section */

/* Begin PBXProject section */
		DA702501202FC29C00ADB6E7 /* Project object */ = {
			isa = PBXProject;
			attributes = {
				LastSwiftUpdateCheck = 0920;
				LastUpgradeCheck = 0920;
				ORGANIZATIONNAME = "Chaselyn Baca";
				TargetAttributes = {
					DA702508202FC29C00ADB6E7 = {
						CreatedOnToolsVersion = 9.2;
						ProvisioningStyle = Automatic;
					};
				};
			};
			buildConfigurationList = DA702504202FC29C00ADB6E7 /* Build configuration list for PBXProject "HelloWorld" */;
			compatibilityVersion = "Xcode 8.0";
			developmentRegion = en;
			hasScannedForEncodings = 0;
			knownRegions = (
				en,
				Base,
			);
			mainGroup = DA702500202FC29C00ADB6E7;
			productRefGroup = DA70250A202FC29C00ADB6E7 /* Products */;
			projectDirPath = "";
			projectRoot = "";
			targets = (
				DA702508202FC29C00ADB6E7 /* HelloWorld */,
			);
		};
/* End PBXProject section */

/* Begin PBXResourcesBuildPhase section */
		DA702507202FC29C00ADB6E7 /* Resources */ = {
			isa = PBXResourcesBuildPhase;
			buildActionMask = 2147483647;
			files = (
				DA702517202FC29C00ADB6E7 /* LaunchScreen.storyboard in Resources */,
				DA702514202FC29C00ADB6E7 /* Assets.xcassets in Resources */,
				DA702512202FC29C00ADB6E7 /* Main.storyboard in Resources */,
			);
			runOnlyForDeploymentPostprocessing = 0;
		};
/* End PBXResourcesBuildPhase section */

/* Begin PBXSourcesBuildPhase section */
		DA702505202FC29C00ADB6E7 /* Sources */ = {
			isa = PBXSourcesBuildPhase;
			buildActionMask = 2147483647;
			files = (
				DA70250F202FC29C00ADB6E7 /* ViewController.swift in Sources */,
				0684AFCC20303BD2005597BC /* ViewArtwork.swift in Sources */,
				0684AFC4203002A0005597BC /* MapViewController.swift in Sources */,
				0684AFD0203047C1005597BC /* ViewWeb.swift in Sources */,
				DA70250D202FC29C00ADB6E7 /* AppDelegate.swift in Sources */,
			);
			runOnlyForDeploymentPostprocessing = 0;
		};
/* End PBXSourcesBuildPhase section */

/* Begin PBXVariantGroup section */
		DA702510202FC29C00ADB6E7 /* Main.storyboard */ = {
			isa = PBXVariantGroup;
			children = (
				DA702511202FC29C00ADB6E7 /* Base */,
			);
			name = Main.storyboard;
			sourceTree = "<group>";
		};
		DA702515202FC29C00ADB6E7 /* LaunchScreen.storyboard */ = {
			isa = PBXVariantGroup;
			children = (
				DA702516202FC29C00ADB6E7 /* Base */,
			);
			name = LaunchScreen.storyboard;
			sourceTree = "<group>";
		};
/* End PBXVariantGroup section */

/* Begin XCBuildConfiguration section */
		DA702519202FC29C00ADB6E7 /* Debug */ = {
			isa = XCBuildConfiguration;
			buildSettings = {
				ALWAYS_SEARCH_USER_PATHS = NO;
				CLANG_ANALYZER_NONNULL = YES;
				CLANG_ANALYZER_NUMBER_OBJECT_CONVERSION = YES_AGGRESSIVE;
				CLANG_CXX_LANGUAGE_STANDARD = "gnu++14";
				CLANG_CXX_LIBRARY = "libc++";
				CLANG_ENABLE_MODULES = YES;
				CLANG_ENABLE_OBJC_ARC = YES;
				CLANG_WARN_BLOCK_CAPTURE_AUTORELEASING = YES;
				CLANG_WARN_BOOL_CONVERSION = YES;
				CLANG_WARN_COMMA = YES;
				CLANG_WARN_CONSTANT_CONVERSION = YES;
				CLANG_WARN_DIRECT_OBJC_ISA_USAGE = YES_ERROR;
				CLANG_WARN_DOCUMENTATION_COMMENTS = YES;
				CLANG_WARN_EMPTY_BODY = YES;
				CLANG_WARN_ENUM_CONVERSION = YES;
				CLANG_WARN_INFINITE_RECURSION = YES;
				CLANG_WARN_INT_CONVERSION = YES;
				CLANG_WARN_NON_LITERAL_NULL_CONVERSION = YES;
				CLANG_WARN_OBJC_LITERAL_CONVERSION = YES;
				CLANG_WARN_OBJC_ROOT_CLASS = YES_ERROR;
				CLANG_WARN_RANGE_LOOP_ANALYSIS = YES;
				CLANG_WARN_STRICT_PROTOTYPES = YES;
				CLANG_WARN_SUSPICIOUS_MOVE = YES;
				CLANG_WARN_UNGUARDED_AVAILABILITY = YES_AGGRESSIVE;
				CLANG_WARN_UNREACHABLE_CODE = YES;
				CLANG_WARN__DUPLICATE_METHOD_MATCH = YES;
				CODE_SIGN_IDENTITY = "iPhone Developer";
				COPY_PHASE_STRIP = NO;
				DEBUG_INFORMATION_FORMAT = dwarf;
				ENABLE_STRICT_OBJC_MSGSEND = YES;
				ENABLE_TESTABILITY = YES;
				GCC_C_LANGUAGE_STANDARD = gnu11;
				GCC_DYNAMIC_NO_PIC = NO;
				GCC_NO_COMMON_BLOCKS = YES;
				GCC_OPTIMIZATION_LEVEL = 0;
				GCC_PREPROCESSOR_DEFINITIONS = (
					"DEBUG=1",
					"$(inherited)",
				);
				GCC_WARN_64_TO_32_BIT_CONVERSION = YES;
				GCC_WARN_ABOUT_RETURN_TYPE = YES_ERROR;
				GCC_WARN_UNDECLARED_SELECTOR = YES;
				GCC_WARN_UNINITIALIZED_AUTOS = YES_AGGRESSIVE;
				GCC_WARN_UNUSED_FUNCTION = YES;
				GCC_WARN_UNUSED_VARIABLE = YES;
				IPHONEOS_DEPLOYMENT_TARGET = 11.2;
				MTL_ENABLE_DEBUG_INFO = YES;
				ONLY_ACTIVE_ARCH = YES;
				SDKROOT = iphoneos;
				SWIFT_ACTIVE_COMPILATION_CONDITIONS = DEBUG;
				SWIFT_OPTIMIZATION_LEVEL = "-Onone";
			};
			name = Debug;
		};
		DA70251A202FC29C00ADB6E7 /* Release */ = {
			isa = XCBuildConfiguration;
			buildSettings = {
				ALWAYS_SEARCH_USER_PATHS = NO;
				CLANG_ANALYZER_NONNULL = YES;
				CLANG_ANALYZER_NUMBER_OBJECT_CONVERSION = YES_AGGRESSIVE;
				CLANG_CXX_LANGUAGE_STANDARD = "gnu++14";
				CLANG_CXX_LIBRARY = "libc++";
				CLANG_ENABLE_MODULES = YES;
				CLANG_ENABLE_OBJC_ARC = YES;
				CLANG_WARN_BLOCK_CAPTURE_AUTORELEASING = YES;
				CLANG_WARN_BOOL_CONVERSION = YES;
				CLANG_WARN_COMMA = YES;
				CLANG_WARN_CONSTANT_CONVERSION = YES;
				CLANG_WARN_DIRECT_OBJC_ISA_USAGE = YES_ERROR;
				CLANG_WARN_DOCUMENTATION_COMMENTS = YES;
				CLANG_WARN_EMPTY_BODY = YES;
				CLANG_WARN_ENUM_CONVERSION = YES;
				CLANG_WARN_INFINITE_RECURSION = YES;
				CLANG_WARN_INT_CONVERSION = YES;
				CLANG_WARN_NON_LITERAL_NULL_CONVERSION = YES;
				CLANG_WARN_OBJC_LITERAL_CONVERSION = YES;
				CLANG_WARN_OBJC_ROOT_CLASS = YES_ERROR;
				CLANG_WARN_RANGE_LOOP_ANALYSIS = YES;
				CLANG_WARN_STRICT_PROTOTYPES = YES;
				CLANG_WARN_SUSPICIOUS_MOVE = YES;
				CLANG_WARN_UNGUARDED_AVAILABILITY = YES_AGGRESSIVE;
				CLANG_WARN_UNREACHABLE_CODE = YES;
				CLANG_WARN__DUPLICATE_METHOD_MATCH = YES;
				CODE_SIGN_IDENTITY = "iPhone Developer";
				COPY_PHASE_STRIP = NO;
				DEBUG_INFORMATION_FORMAT = "dwarf-with-dsym";
				ENABLE_NS_ASSERTIONS = NO;
				ENABLE_STRICT_OBJC_MSGSEND = YES;
				GCC_C_LANGUAGE_STANDARD = gnu11;
				GCC_NO_COMMON_BLOCKS = YES;
				GCC_WARN_64_TO_32_BIT_CONVERSION = YES;
				GCC_WARN_ABOUT_RETURN_TYPE = YES_ERROR;
				GCC_WARN_UNDECLARED_SELECTOR = YES;
				GCC_WARN_UNINITIALIZED_AUTOS = YES_AGGRESSIVE;
				GCC_WARN_UNUSED_FUNCTION = YES;
				GCC_WARN_UNUSED_VARIABLE = YES;
				IPHONEOS_DEPLOYMENT_TARGET = 11.2;
				MTL_ENABLE_DEBUG_INFO = NO;
				SDKROOT = iphoneos;
				SWIFT_OPTIMIZATION_LEVEL = "-Owholemodule";
				VALIDATE_PRODUCT = YES;
			};
			name = Release;
		};
		DA70251C202FC29C00ADB6E7 /* Debug */ = {
			isa = XCBuildConfiguration;
			buildSettings = {
				ASSETCATALOG_COMPILER_APPICON_NAME = AppIcon;
				CODE_SIGN_STYLE = Automatic;
				DEVELOPMENT_TEAM = XQF36YSGEV;
				INFOPLIST_FILE = HelloWorld/Info.plist;
				LD_RUNPATH_SEARCH_PATHS = "$(inherited) @executable_path/Frameworks";
				PRODUCT_BUNDLE_IDENTIFIER = com.cbaca.HelloWorld;
				PRODUCT_NAME = "$(TARGET_NAME)";
				SWIFT_VERSION = 4.0;
				TARGETED_DEVICE_FAMILY = "1,2";
			};
			name = Debug;
		};
		DA70251D202FC29C00ADB6E7 /* Release */ = {
			isa = XCBuildConfiguration;
			buildSettings = {
				ASSETCATALOG_COMPILER_APPICON_NAME = AppIcon;
				CODE_SIGN_STYLE = Automatic;
				DEVELOPMENT_TEAM = XQF36YSGEV;
				INFOPLIST_FILE = HelloWorld/Info.plist;
				LD_RUNPATH_SEARCH_PATHS = "$(inherited) @executable_path/Frameworks";
				PRODUCT_BUNDLE_IDENTIFIER = com.cbaca.HelloWorld;
				PRODUCT_NAME = "$(TARGET_NAME)";
				SWIFT_VERSION = 4.0;
				TARGETED_DEVICE_FAMILY = "1,2";
			};
			name = Release;
		};
/* End XCBuildConfiguration section */

/* Begin XCConfigurationList section */
		DA702504202FC29C00ADB6E7 /* Build configuration list for PBXProject "HelloWorld" */ = {
			isa = XCConfigurationList;
			buildConfigurations = (
				DA702519202FC29C00ADB6E7 /* Debug */,
				DA70251A202FC29C00ADB6E7 /* Release */,
			);
			defaultConfigurationIsVisible = 0;
			defaultConfigurationName = Release;
		};
		DA70251B202FC29C00ADB6E7 /* Build configuration list for PBXNativeTarget "HelloWorld" */ = {
			isa = XCConfigurationList;
			buildConfigurations = (
				DA70251C202FC29C00ADB6E7 /* Debug */,
				DA70251D202FC29C00ADB6E7 /* Release */,
			);
			defaultConfigurationIsVisible = 0;
			defaultConfigurationName = Release;
		};
/* End XCConfigurationList section */
	};
	rootObject = DA702501202FC29C00ADB6E7 /* Project object */;
}
